
Microsoft Visual Studio Solution File, Format Version 12.00
# Visual Studio Version 16
VisualStudioVersion = 16.0.32126.315
MinimumVisualStudioVersion = 10.0.40219.1
Project("{FAE04EC0-301F-11D3-BF4B-00C04F79EFBC}") = "ExampleMVVM.DesktopClient", "ExampleMVVM.DesktopClient\ExampleMVVM.DesktopClient.csproj", "{0A083FB3-AFE8-47BA-820C-D2D87F892B46}"
EndProject
Global
	GlobalSection(SolutionConfigurationPlatforms) = preSolution
		Debug|Any CPU = Debug|Any CPU
		Release|Any CPU = Release|Any CPU
	EndGlobalSection
	GlobalSection(ProjectConfigurationPlatforms) = postSolution
		{0A083FB3-AFE8-47BA-820C-D2D87F892B46}.Debug|Any CPU.ActiveCfg = Debug|Any CPU
		{0A083FB3-AFE8-47BA-820C-D2D87F892B46}.Debug|Any CPU.Build.0 = Debug|Any CPU
		{0A083FB3-AFE8-47BA-820C-D2D87F892B46}.Release|Any CPU.ActiveCfg = Release|Any CPU
		{0A083FB3-AFE8-47BA-820C-D2D87F892B46}.Release|Any CPU.Build.0 = Release|Any CPU
	EndGlobalSection
	GlobalSection(SolutionProperties) = preSolution
		HideSolutionNode = FALSE
	EndGlobalSection
	GlobalSection(ExtensibilityGlobals) = postSolution
		SolutionGuid = {68D0F192-CED3-417C-A270-D89CC4BC27EB}
	EndGlobalSection
EndGlobal
